{
  "nodes": {
    "elm-nixpkgs": {
      "locked": {
        "lastModified": 1721303309,
        "narHash": "sha256-/+Yw4tW/mcTRKmkEAO64ObzCQClpSUZpk2flUD9GDHE=",
        "owner": "NixOS",
        "repo": "nixpkgs",
        "rev": "7e2fb8e0eb807e139d42b05bf8e28da122396bed",
        "type": "github"
      },
      "original": {
        "owner": "NixOS",
        "repo": "nixpkgs",
        "rev": "7e2fb8e0eb807e139d42b05bf8e28da122396bed",
        "type": "github"
      }
    },
    "nixpkgs": {
      "locked": {
        "lastModified": 1743479679,
        "narHash": "sha256-K13ozXlrdfthbVk+AocX7Z6sriTXmX5Q/zlpgFMybQg=",
        "owner": "NixOS",
        "repo": "nixpkgs",
        "rev": "a793ee3962cf3be3d0e9ed1022147ea9cd34eea9",
        "type": "github"
      },
      "original": {
        "owner": "NixOS",
        "repo": "nixpkgs",
        "type": "github"
      }
    },
    "root": {
      "inputs": {
        "elm-nixpkgs": "elm-nixpkgs",
        "nixpkgs": "nixpkgs"
      }
    }
  },
  "root": "root",
  "version": 7
}
